
Microsoft Visual Studio Solution File, Format Version 12.00
# Visual Studio Version 17
VisualStudioVersion = 17.13.35806.99
MinimumVisualStudioVersion = 10.0.40219.1
Project("{2150E333-8FDC-42A3-9474-1A3956D46DE8}") = "WebAppPortal", "WebAppPortal", "{02EA681E-C7D8-13C7-8484-4AC65E1B71E8}"
EndProject
Project("{FAE04EC0-301F-11D3-BF4B-00C04F79EFBC}") = "WebAppPortalSite", "WebAppPortalSite\WebAppPortalSite.csproj", "{E3323083-7DAD-45F3-9450-A466D439A7C3}"
EndProject
Project("{FAE04EC0-301F-11D3-BF4B-00C04F79EFBC}") = "WebAppPortalApi", "WebAppPortalApi\WebAppPortalApi.csproj", "{03C83A13-6164-4A93-9392-1D3E345C0D0C}"
EndProject
Project("{2150E333-8FDC-42A3-9474-1A3956D46DE8}") = "Api", "Api", "{32D1743E-1643-4C39-BF9C-488CD274BEC4}"
EndProject
Project("{2150E333-8FDC-42A3-9474-1A3956D46DE8}") = "Site", "Site", "{A7E572E6-2FD3-4D52-BF25-8E1F08BE010A}"
EndProject
Project("{2150E333-8FDC-42A3-9474-1A3956D46DE8}") = "Common", "Common", "{E95C1999-F061-4166-B144-F9ADFED3DAFF}"
EndProject
Project("{2150E333-8FDC-42A3-9474-1A3956D46DE8}") = "Data", "Data", "{B5283C80-19BF-42FC-8DBE-E8C51721197B}"
EndProject
Project("{2150E333-8FDC-42A3-9474-1A3956D46DE8}") = "Core", "Core", "{35CFD2A6-AC2B-4216-805C-3E3F525C1933}"
EndProject
Project("{FAE04EC0-301F-11D3-BF4B-00C04F79EFBC}") = "WebAppPortalApi.Core", "WebAppPortalApi.Core\WebAppPortalApi.Core.csproj", "{405F39C8-06FB-4BF9-9BEE-C2595B818887}"
EndProject
Project("{FAE04EC0-301F-11D3-BF4B-00C04F79EFBC}") = "WebAppPortalApi.Data", "WebAppPortalApi.Data\WebAppPortalApi.Data.csproj", "{3DA87C55-68EB-45C9-8166-88E7917BCC96}"
EndProject
Project("{FAE04EC0-301F-11D3-BF4B-00C04F79EFBC}") = "WebAppPortalApi.Database", "WebAppPortalApi.Database\WebAppPortalApi.Database.csproj", "{8493FB30-F9A6-40EC-8BA5-6B41F93E93BB}"
EndProject
Project("{FAE04EC0-301F-11D3-BF4B-00C04F79EFBC}") = "WebAppPortalApi.Common", "WebAppPortalApi.Common\WebAppPortalApi.Common.csproj", "{25E602B0-09D0-4EAE-A374-FBDC670DB075}"
EndProject
Project("{2150E333-8FDC-42A3-9474-1A3956D46DE8}") = "ServiceComponents", "ServiceComponents", "{490EEC21-EEE3-42DD-9BC3-8A8EEB1D6C18}"
EndProject
Project("{FAE04EC0-301F-11D3-BF4B-00C04F79EFBC}") = "WebAppPortalApiService", "WebAppPortalApiService\WebAppPortalApiService.csproj", "{AD158D33-EF1D-49C1-AD0F-88931B61F05D}"
EndProject
Project("{2150E333-8FDC-42A3-9474-1A3956D46DE8}") = "Common", "Common", "{12A9CDC8-3262-4273-BFC0-8DB9911DC3A4}"
EndProject
Project("{FAE04EC0-301F-11D3-BF4B-00C04F79EFBC}") = "WebAppPortalSite.Common", "WebAppPortalSite.Common\WebAppPortalSite.Common.csproj", "{8C7294B6-436D-4F65-B94C-EB615E651CE8}"
EndProject
Project("{2150E333-8FDC-42A3-9474-1A3956D46DE8}") = "_Tests", "_Tests", "{CC19DDDA-F0F2-43C9-A410-5CD89525290D}"
EndProject
Project("{FAE04EC0-301F-11D3-BF4B-00C04F79EFBC}") = "WebAppPortal.Tests", "WebAppPortal.Tests\WebAppPortal.Tests.csproj", "{6D16220D-6DAD-4C57-AC88-DC09E6F52B96}"
EndProject
Project("{2150E333-8FDC-42A3-9474-1A3956D46DE8}") = "CSharpFundamentals", "CSharpFundamentals", "{07ED50A0-948B-4581-A496-94F12BA8AFBE}"
EndProject
Project("{2150E333-8FDC-42A3-9474-1A3956D46DE8}") = "AdoptionPortal", "AdoptionPortal", "{6502E73D-2262-409A-8BC8-7F9C745FEEAC}"
EndProject
Project("{FAE04EC0-301F-11D3-BF4B-00C04F79EFBC}") = "AdoptionPortal.Console", "AdoptionPortal.Console\AdoptionPortal.Console.csproj", "{89F52667-0944-48F9-9776-E26F826EF964}"
EndProject
Project("{FAE04EC0-301F-11D3-BF4B-00C04F79EFBC}") = "AdoptionPortal.Models", "AdoptionPortal.Models\AdoptionPortal.Models.csproj", "{013E9C7F-BEB0-484A-8A0D-EA6755745837}"
EndProject
Project("{FAE04EC0-301F-11D3-BF4B-00C04F79EFBC}") = "AdoptionPortal.Services", "AdoptionPortal.Services\AdoptionPortal.Services.csproj", "{57CF6C99-9E9E-444A-9389-EC84D3FECEBC}"
EndProject
Project("{2150E333-8FDC-42A3-9474-1A3956D46DE8}") = "Html5JsCss3Demo", "Html5JsCss3Demo", "{CD5C2C87-FCA5-41AF-8F43-D1C0C15517D6}"
EndProject
Project("{2150E333-8FDC-42A3-9474-1A3956D46DE8}") = "Site", "Site", "{AC488AB1-FCE2-408B-B50A-C8054AD8C6D3}"
	ProjectSection(SolutionItems) = preProject
		index.css = index.css
		index.html = index.html
		index.js = index.js
	EndProjectSection
EndProject
Project("{2150E333-8FDC-42A3-9474-1A3956D46DE8}") = "NetworkingSimulator", "NetworkingSimulator", "{58E9860D-6F8F-41F9-A25F-791D7620DB20}"
EndProject
Project("{2150E333-8FDC-42A3-9474-1A3956D46DE8}") = "Server", "Server", "{C34103BF-6BB7-4FFC-952E-56A2044B341B}"
EndProject
Project("{FAE04EC0-301F-11D3-BF4B-00C04F79EFBC}") = "NetworkingSimulatorSocketServer", "NetworkingSimulatorSocketServer\NetworkingSimulatorSocketServer.csproj", "{B34C4674-425B-4FAD-875B-83F3084204F4}"
EndProject
Project("{2150E333-8FDC-42A3-9474-1A3956D46DE8}") = "Client", "Client", "{1715B230-162A-4AA2-9CE5-554896227265}"
EndProject
Project("{FAE04EC0-301F-11D3-BF4B-00C04F79EFBC}") = "NetworkingSimulatorSocketClient", "NetworkingSimulatorSocketClient\NetworkingSimulatorSocketClient.csproj", "{66B975A8-3741-4AB3-9E91-5CC109D45C6C}"
EndProject
Project("{2150E333-8FDC-42A3-9474-1A3956D46DE8}") = "SoftwareFundamentalsToolkit", "SoftwareFundamentalsToolkit", "{A69E986A-F991-4621-A2A6-4FD000803DA2}"
EndProject
Project("{2150E333-8FDC-42A3-9474-1A3956D46DE8}") = "AlgorithmDesign", "AlgorithmDesign", "{CABF2F3C-BD5C-4A99-8600-4495E202B9C0}"
EndProject
Project("{2150E333-8FDC-42A3-9474-1A3956D46DE8}") = "DataStructures", "DataStructures", "{5E6CC268-0471-464E-9CB8-87726C2B6924}"
EndProject
Project("{FAE04EC0-301F-11D3-BF4B-00C04F79EFBC}") = "SoftwareFundamentalsToolkit.ChatBot", "SoftwareFundamentalsToolkit.ChatBot\SoftwareFundamentalsToolkit.ChatBot.csproj", "{D8F9A3C0-8D1E-4BF8-9C44-8CE93F1C8A73}"
EndProject
Project("{FAE04EC0-301F-11D3-BF4B-00C04F79EFBC}") = "SoftwareFundamentalsToolkit.Sort", "SoftwareFundamentalsToolkit.Sort\SoftwareFundamentalsToolkit.Sort.csproj", "{55246F8A-72C1-4A44-B171-09155FDF45E9}"
EndProject
Project("{FAE04EC0-301F-11D3-BF4B-00C04F79EFBC}") = "SoftwareFundamentalsToolkit.RecursiveFunctions", "SoftwareFundamentalsToolkit.RecursiveFunctions\SoftwareFundamentalsToolkit.RecursiveFunctions.csproj", "{72FF4652-A774-4368-AA61-A5A69546ECF2}"
EndProject
Project("{00D1A9C2-B5F0-4AF3-8072-F6C62B433612}") = "SoftwareFundamentalsToolkit.OnlineRetailDatabase", "SoftwareFundamentalsToolkit.SQLDatabase\SoftwareFundamentalsToolkit.OnlineRetailDatabase.sqlproj", "{7A1BF6C7-7DB1-4732-8C2B-F2BCCBD3EE14}"
EndProject
Project("{2150E333-8FDC-42A3-9474-1A3956D46DE8}") = "OOPProject", "OOPProject", "{5D2DD1FD-5522-4D5E-9CDB-CB91F4111963}"
EndProject
Project("{FAE04EC0-301F-11D3-BF4B-00C04F79EFBC}") = "OOPProject.Common", "OOPProject.Models\OOPProject.Common.csproj", "{B532EC74-6C2E-4F99-8D40-9428ABDFDC61}"
EndProject
Project("{FAE04EC0-301F-11D3-BF4B-00C04F79EFBC}") = "OOPProject.Calculations", "OOPProject.Core\OOPProject.Calculations.csproj", "{AFFDF03D-A857-42DA-A746-3ABA13092CDE}"
EndProject
Project("{FAE04EC0-301F-11D3-BF4B-00C04F79EFBC}") = "OOPProject.Tests", "OOPProject.Tests\OOPProject.Tests.csproj", "{32413F77-8924-4FA5-A5D2-43696FD8AE69}"
EndProject
Project("{FAE04EC0-301F-11D3-BF4B-00C04F79EFBC}") = "OOPProject.WPF", "OOPProject.WPF\OOPProject.WPF.csproj", "{220A2423-421B-4221-9F09-B5ABEA66CBBE}"
EndProject
Global
	GlobalSection(SolutionConfigurationPlatforms) = preSolution
		Debug|Any CPU = Debug|Any CPU
		Release|Any CPU = Release|Any CPU
	EndGlobalSection
	GlobalSection(ProjectConfigurationPlatforms) = postSolution
		{E3323083-7DAD-45F3-9450-A466D439A7C3}.Debug|Any CPU.ActiveCfg = Debug|Any CPU
		{E3323083-7DAD-45F3-9450-A466D439A7C3}.Debug|Any CPU.Build.0 = Debug|Any CPU
		{E3323083-7DAD-45F3-9450-A466D439A7C3}.Release|Any CPU.ActiveCfg = Release|Any CPU
		{E3323083-7DAD-45F3-9450-A466D439A7C3}.Release|Any CPU.Build.0 = Release|Any CPU
		{03C83A13-6164-4A93-9392-1D3E345C0D0C}.Debug|Any CPU.ActiveCfg = Debug|Any CPU
		{03C83A13-6164-4A93-9392-1D3E345C0D0C}.Debug|Any CPU.Build.0 = Debug|Any CPU
		{03C83A13-6164-4A93-9392-1D3E345C0D0C}.Release|Any CPU.ActiveCfg = Release|Any CPU
		{03C83A13-6164-4A93-9392-1D3E345C0D0C}.Release|Any CPU.Build.0 = Release|Any CPU
		{405F39C8-06FB-4BF9-9BEE-C2595B818887}.Debug|Any CPU.ActiveCfg = Debug|Any CPU
		{405F39C8-06FB-4BF9-9BEE-C2595B818887}.Debug|Any CPU.Build.0 = Debug|Any CPU
		{405F39C8-06FB-4BF9-9BEE-C2595B818887}.Release|Any CPU.ActiveCfg = Release|Any CPU
		{405F39C8-06FB-4BF9-9BEE-C2595B818887}.Release|Any CPU.Build.0 = Release|Any CPU
		{3DA87C55-68EB-45C9-8166-88E7917BCC96}.Debug|Any CPU.ActiveCfg = Debug|Any CPU
		{3DA87C55-68EB-45C9-8166-88E7917BCC96}.Debug|Any CPU.Build.0 = Debug|Any CPU
		{3DA87C55-68EB-45C9-8166-88E7917BCC96}.Release|Any CPU.ActiveCfg = Release|Any CPU
		{3DA87C55-68EB-45C9-8166-88E7917BCC96}.Release|Any CPU.Build.0 = Release|Any CPU
		{8493FB30-F9A6-40EC-8BA5-6B41F93E93BB}.Debug|Any CPU.ActiveCfg = Debug|Any CPU
		{8493FB30-F9A6-40EC-8BA5-6B41F93E93BB}.Debug|Any CPU.Build.0 = Debug|Any CPU
		{8493FB30-F9A6-40EC-8BA5-6B41F93E93BB}.Release|Any CPU.ActiveCfg = Release|Any CPU
		{8493FB30-F9A6-40EC-8BA5-6B41F93E93BB}.Release|Any CPU.Build.0 = Release|Any CPU
		{25E602B0-09D0-4EAE-A374-FBDC670DB075}.Debug|Any CPU.ActiveCfg = Debug|Any CPU
		{25E602B0-09D0-4EAE-A374-FBDC670DB075}.Debug|Any CPU.Build.0 = Debug|Any CPU
		{25E602B0-09D0-4EAE-A374-FBDC670DB075}.Release|Any CPU.ActiveCfg = Release|Any CPU
		{25E602B0-09D0-4EAE-A374-FBDC670DB075}.Release|Any CPU.Build.0 = Release|Any CPU
		{AD158D33-EF1D-49C1-AD0F-88931B61F05D}.Debug|Any CPU.ActiveCfg = Debug|Any CPU
		{AD158D33-EF1D-49C1-AD0F-88931B61F05D}.Debug|Any CPU.Build.0 = Debug|Any CPU
		{AD158D33-EF1D-49C1-AD0F-88931B61F05D}.Release|Any CPU.ActiveCfg = Release|Any CPU
		{AD158D33-EF1D-49C1-AD0F-88931B61F05D}.Release|Any CPU.Build.0 = Release|Any CPU
		{8C7294B6-436D-4F65-B94C-EB615E651CE8}.Debug|Any CPU.ActiveCfg = Debug|Any CPU
		{8C7294B6-436D-4F65-B94C-EB615E651CE8}.Debug|Any CPU.Build.0 = Debug|Any CPU
		{8C7294B6-436D-4F65-B94C-EB615E651CE8}.Release|Any CPU.ActiveCfg = Release|Any CPU
		{8C7294B6-436D-4F65-B94C-EB615E651CE8}.Release|Any CPU.Build.0 = Release|Any CPU
		{6D16220D-6DAD-4C57-AC88-DC09E6F52B96}.Debug|Any CPU.ActiveCfg = Debug|Any CPU
		{6D16220D-6DAD-4C57-AC88-DC09E6F52B96}.Debug|Any CPU.Build.0 = Debug|Any CPU
		{6D16220D-6DAD-4C57-AC88-DC09E6F52B96}.Release|Any CPU.ActiveCfg = Release|Any CPU
		{6D16220D-6DAD-4C57-AC88-DC09E6F52B96}.Release|Any CPU.Build.0 = Release|Any CPU
		{89F52667-0944-48F9-9776-E26F826EF964}.Debug|Any CPU.ActiveCfg = Debug|Any CPU
		{89F52667-0944-48F9-9776-E26F826EF964}.Debug|Any CPU.Build.0 = Debug|Any CPU
		{89F52667-0944-48F9-9776-E26F826EF964}.Release|Any CPU.ActiveCfg = Release|Any CPU
		{89F52667-0944-48F9-9776-E26F826EF964}.Release|Any CPU.Build.0 = Release|Any CPU
		{013E9C7F-BEB0-484A-8A0D-EA6755745837}.Debug|Any CPU.ActiveCfg = Debug|Any CPU
		{013E9C7F-BEB0-484A-8A0D-EA6755745837}.Debug|Any CPU.Build.0 = Debug|Any CPU
		{013E9C7F-BEB0-484A-8A0D-EA6755745837}.Release|Any CPU.ActiveCfg = Release|Any CPU
		{013E9C7F-BEB0-484A-8A0D-EA6755745837}.Release|Any CPU.Build.0 = Release|Any CPU
		{57CF6C99-9E9E-444A-9389-EC84D3FECEBC}.Debug|Any CPU.ActiveCfg = Debug|Any CPU
		{57CF6C99-9E9E-444A-9389-EC84D3FECEBC}.Debug|Any CPU.Build.0 = Debug|Any CPU
		{57CF6C99-9E9E-444A-9389-EC84D3FECEBC}.Release|Any CPU.ActiveCfg = Release|Any CPU
		{57CF6C99-9E9E-444A-9389-EC84D3FECEBC}.Release|Any CPU.Build.0 = Release|Any CPU
		{B34C4674-425B-4FAD-875B-83F3084204F4}.Debug|Any CPU.ActiveCfg = Debug|Any CPU
		{B34C4674-425B-4FAD-875B-83F3084204F4}.Debug|Any CPU.Build.0 = Debug|Any CPU
		{B34C4674-425B-4FAD-875B-83F3084204F4}.Release|Any CPU.ActiveCfg = Release|Any CPU
		{B34C4674-425B-4FAD-875B-83F3084204F4}.Release|Any CPU.Build.0 = Release|Any CPU
		{66B975A8-3741-4AB3-9E91-5CC109D45C6C}.Debug|Any CPU.ActiveCfg = Debug|Any CPU
		{66B975A8-3741-4AB3-9E91-5CC109D45C6C}.Debug|Any CPU.Build.0 = Debug|Any CPU
		{66B975A8-3741-4AB3-9E91-5CC109D45C6C}.Release|Any CPU.ActiveCfg = Release|Any CPU
		{66B975A8-3741-4AB3-9E91-5CC109D45C6C}.Release|Any CPU.Build.0 = Release|Any CPU
		{D8F9A3C0-8D1E-4BF8-9C44-8CE93F1C8A73}.Debug|Any CPU.ActiveCfg = Debug|Any CPU
		{D8F9A3C0-8D1E-4BF8-9C44-8CE93F1C8A73}.Debug|Any CPU.Build.0 = Debug|Any CPU
		{D8F9A3C0-8D1E-4BF8-9C44-8CE93F1C8A73}.Release|Any CPU.ActiveCfg = Release|Any CPU
		{D8F9A3C0-8D1E-4BF8-9C44-8CE93F1C8A73}.Release|Any CPU.Build.0 = Release|Any CPU
		{55246F8A-72C1-4A44-B171-09155FDF45E9}.Debug|Any CPU.ActiveCfg = Debug|Any CPU
		{55246F8A-72C1-4A44-B171-09155FDF45E9}.Debug|Any CPU.Build.0 = Debug|Any CPU
		{55246F8A-72C1-4A44-B171-09155FDF45E9}.Release|Any CPU.ActiveCfg = Release|Any CPU
		{55246F8A-72C1-4A44-B171-09155FDF45E9}.Release|Any CPU.Build.0 = Release|Any CPU
		{72FF4652-A774-4368-AA61-A5A69546ECF2}.Debug|Any CPU.ActiveCfg = Debug|Any CPU
		{72FF4652-A774-4368-AA61-A5A69546ECF2}.Debug|Any CPU.Build.0 = Debug|Any CPU
		{72FF4652-A774-4368-AA61-A5A69546ECF2}.Release|Any CPU.ActiveCfg = Release|Any CPU
		{72FF4652-A774-4368-AA61-A5A69546ECF2}.Release|Any CPU.Build.0 = Release|Any CPU
		{7A1BF6C7-7DB1-4732-8C2B-F2BCCBD3EE14}.Debug|Any CPU.ActiveCfg = Debug|Any CPU
		{7A1BF6C7-7DB1-4732-8C2B-F2BCCBD3EE14}.Debug|Any CPU.Build.0 = Debug|Any CPU
		{7A1BF6C7-7DB1-4732-8C2B-F2BCCBD3EE14}.Debug|Any CPU.Deploy.0 = Debug|Any CPU
		{7A1BF6C7-7DB1-4732-8C2B-F2BCCBD3EE14}.Release|Any CPU.ActiveCfg = Release|Any CPU
		{7A1BF6C7-7DB1-4732-8C2B-F2BCCBD3EE14}.Release|Any CPU.Build.0 = Release|Any CPU
		{7A1BF6C7-7DB1-4732-8C2B-F2BCCBD3EE14}.Release|Any CPU.Deploy.0 = Release|Any CPU
		{B532EC74-6C2E-4F99-8D40-9428ABDFDC61}.Debug|Any CPU.ActiveCfg = Debug|Any CPU
		{B532EC74-6C2E-4F99-8D40-9428ABDFDC61}.Debug|Any CPU.Build.0 = Debug|Any CPU
		{B532EC74-6C2E-4F99-8D40-9428ABDFDC61}.Release|Any CPU.ActiveCfg = Release|Any CPU
		{B532EC74-6C2E-4F99-8D40-9428ABDFDC61}.Release|Any CPU.Build.0 = Release|Any CPU
		{AFFDF03D-A857-42DA-A746-3ABA13092CDE}.Debug|Any CPU.ActiveCfg = Debug|Any CPU
		{AFFDF03D-A857-42DA-A746-3ABA13092CDE}.Debug|Any CPU.Build.0 = Debug|Any CPU
		{AFFDF03D-A857-42DA-A746-3ABA13092CDE}.Release|Any CPU.ActiveCfg = Release|Any CPU
		{AFFDF03D-A857-42DA-A746-3ABA13092CDE}.Release|Any CPU.Build.0 = Release|Any CPU
		{32413F77-8924-4FA5-A5D2-43696FD8AE69}.Debug|Any CPU.ActiveCfg = Debug|Any CPU
		{32413F77-8924-4FA5-A5D2-43696FD8AE69}.Debug|Any CPU.Build.0 = Debug|Any CPU
		{32413F77-8924-4FA5-A5D2-43696FD8AE69}.Release|Any CPU.ActiveCfg = Release|Any CPU
		{32413F77-8924-4FA5-A5D2-43696FD8AE69}.Release|Any CPU.Build.0 = Release|Any CPU
		{220A2423-421B-4221-9F09-B5ABEA66CBBE}.Debug|Any CPU.ActiveCfg = Debug|Any CPU
		{220A2423-421B-4221-9F09-B5ABEA66CBBE}.Debug|Any CPU.Build.0 = Debug|Any CPU
		{220A2423-421B-4221-9F09-B5ABEA66CBBE}.Release|Any CPU.ActiveCfg = Release|Any CPU
		{220A2423-421B-4221-9F09-B5ABEA66CBBE}.Release|Any CPU.Build.0 = Release|Any CPU
	EndGlobalSection
	GlobalSection(SolutionProperties) = preSolution
		HideSolutionNode = FALSE
	EndGlobalSection
	GlobalSection(NestedProjects) = preSolution
		{E3323083-7DAD-45F3-9450-A466D439A7C3} = {A7E572E6-2FD3-4D52-BF25-8E1F08BE010A}
		{03C83A13-6164-4A93-9392-1D3E345C0D0C} = {32D1743E-1643-4C39-BF9C-488CD274BEC4}
		{32D1743E-1643-4C39-BF9C-488CD274BEC4} = {02EA681E-C7D8-13C7-8484-4AC65E1B71E8}
		{A7E572E6-2FD3-4D52-BF25-8E1F08BE010A} = {02EA681E-C7D8-13C7-8484-4AC65E1B71E8}
		{E95C1999-F061-4166-B144-F9ADFED3DAFF} = {32D1743E-1643-4C39-BF9C-488CD274BEC4}
		{B5283C80-19BF-42FC-8DBE-E8C51721197B} = {32D1743E-1643-4C39-BF9C-488CD274BEC4}
		{35CFD2A6-AC2B-4216-805C-3E3F525C1933} = {32D1743E-1643-4C39-BF9C-488CD274BEC4}
		{405F39C8-06FB-4BF9-9BEE-C2595B818887} = {35CFD2A6-AC2B-4216-805C-3E3F525C1933}
		{3DA87C55-68EB-45C9-8166-88E7917BCC96} = {B5283C80-19BF-42FC-8DBE-E8C51721197B}
		{8493FB30-F9A6-40EC-8BA5-6B41F93E93BB} = {B5283C80-19BF-42FC-8DBE-E8C51721197B}
		{25E602B0-09D0-4EAE-A374-FBDC670DB075} = {E95C1999-F061-4166-B144-F9ADFED3DAFF}
		{490EEC21-EEE3-42DD-9BC3-8A8EEB1D6C18} = {A7E572E6-2FD3-4D52-BF25-8E1F08BE010A}
		{AD158D33-EF1D-49C1-AD0F-88931B61F05D} = {490EEC21-EEE3-42DD-9BC3-8A8EEB1D6C18}
		{12A9CDC8-3262-4273-BFC0-8DB9911DC3A4} = {A7E572E6-2FD3-4D52-BF25-8E1F08BE010A}
		{8C7294B6-436D-4F65-B94C-EB615E651CE8} = {12A9CDC8-3262-4273-BFC0-8DB9911DC3A4}
		{CC19DDDA-F0F2-43C9-A410-5CD89525290D} = {32D1743E-1643-4C39-BF9C-488CD274BEC4}
		{6D16220D-6DAD-4C57-AC88-DC09E6F52B96} = {CC19DDDA-F0F2-43C9-A410-5CD89525290D}
		{6502E73D-2262-409A-8BC8-7F9C745FEEAC} = {07ED50A0-948B-4581-A496-94F12BA8AFBE}
		{89F52667-0944-48F9-9776-E26F826EF964} = {6502E73D-2262-409A-8BC8-7F9C745FEEAC}
		{013E9C7F-BEB0-484A-8A0D-EA6755745837} = {6502E73D-2262-409A-8BC8-7F9C745FEEAC}
		{57CF6C99-9E9E-444A-9389-EC84D3FECEBC} = {6502E73D-2262-409A-8BC8-7F9C745FEEAC}
		{AC488AB1-FCE2-408B-B50A-C8054AD8C6D3} = {CD5C2C87-FCA5-41AF-8F43-D1C0C15517D6}
		{C34103BF-6BB7-4FFC-952E-56A2044B341B} = {58E9860D-6F8F-41F9-A25F-791D7620DB20}
		{B34C4674-425B-4FAD-875B-83F3084204F4} = {C34103BF-6BB7-4FFC-952E-56A2044B341B}
		{1715B230-162A-4AA2-9CE5-554896227265} = {58E9860D-6F8F-41F9-A25F-791D7620DB20}
		{66B975A8-3741-4AB3-9E91-5CC109D45C6C} = {1715B230-162A-4AA2-9CE5-554896227265}
		{CABF2F3C-BD5C-4A99-8600-4495E202B9C0} = {A69E986A-F991-4621-A2A6-4FD000803DA2}
		{5E6CC268-0471-464E-9CB8-87726C2B6924} = {A69E986A-F991-4621-A2A6-4FD000803DA2}
		{D8F9A3C0-8D1E-4BF8-9C44-8CE93F1C8A73} = {CABF2F3C-BD5C-4A99-8600-4495E202B9C0}
		{55246F8A-72C1-4A44-B171-09155FDF45E9} = {CABF2F3C-BD5C-4A99-8600-4495E202B9C0}
		{72FF4652-A774-4368-AA61-A5A69546ECF2} = {CABF2F3C-BD5C-4A99-8600-4495E202B9C0}
		{7A1BF6C7-7DB1-4732-8C2B-F2BCCBD3EE14} = {5E6CC268-0471-464E-9CB8-87726C2B6924}
		{5D2DD1FD-5522-4D5E-9CDB-CB91F4111963} = {07ED50A0-948B-4581-A496-94F12BA8AFBE}
		{B532EC74-6C2E-4F99-8D40-9428ABDFDC61} = {5D2DD1FD-5522-4D5E-9CDB-CB91F4111963}
		{AFFDF03D-A857-42DA-A746-3ABA13092CDE} = {5D2DD1FD-5522-4D5E-9CDB-CB91F4111963}
		{32413F77-8924-4FA5-A5D2-43696FD8AE69} = {5D2DD1FD-5522-4D5E-9CDB-CB91F4111963}
		{220A2423-421B-4221-9F09-B5ABEA66CBBE} = {5D2DD1FD-5522-4D5E-9CDB-CB91F4111963}
	EndGlobalSection
	GlobalSection(ExtensibilityGlobals) = postSolution
		SolutionGuid = {CC4692C3-50AA-420B-AA0C-8BBA477B3EA8}
	EndGlobalSection
EndGlobal
